# THIS IS AN AUTOGENERATED FILE. DO NOT EDIT THIS FILE DIRECTLY.
assets/config.codekit3:
  development: 2018-04-11T10:11:18-07:00   34495b27527406de08bf0f43a49626bf
assets/custom.css:
  development: 2018-04-20T10:55:59-07:00   0c42ef210b39c2d800dc2d831b0c2c14
assets/custom.scss:
  development: 2018-04-20T10:55:58-07:00   69e5cc0adf9e6ce4c41af6ab1121c8e7
layout/theme.liquid:
  development: 2018-06-07T11:05:15-07:00   e6a8f3c182d18e8673c4f5af8ec9b3ed
snippets/bloglist-grid.liquid:
  development: 2018-04-20T10:59:27-07:00   5b88e98f0853dd180db66367babcdfaa
snippets/breadcrumbs.liquid:
  development: 2018-04-12T14:48:39-07:00   0c1399df8ccbb42a734acd8b63ff3f74
snippets/header-logo.liquid:
  development: 2018-06-07T10:52:36-07:00   37a1614f194af3f917210648ff48a1fc
snippets/landing-collections.liquid:
  development: 2018-04-12T14:12:58-07:00   958f0e7b7b17662e3e6931c4ab655bbd
snippets/section-detect.liquid:
  development: 2018-06-07T10:58:30-07:00   4737f11038a04f49b3c24b41cabdec7c
templates/page.category-landing.liquid:
  development: 2018-04-20T11:40:37-07:00   7f88f8b26467845fcfa3858222253daf
templates/page.liquid:
  development: 2018-06-07T10:57:05-07:00   d38b2c34dc15a41ac7ae94da249ccc05
