# THIS IS AN AUTOGENERATED FILE. DO NOT EDIT THIS FILE DIRECTLY.
assets/ato-menu-image1-1516640145.jpg:
  development: 2018-03-24T09:22:46-07:00   fbc0ef72f2b377cc14d05eb58657bd79
assets/ato-menu-image1-1516640246.jpg:
  development: 2018-03-24T09:22:47-07:00   ec5bc211f73a972a40384d0ee0383afb
assets/ato-menu-image1-1516776918.png:
  development: 2018-03-24T09:22:47-07:00   5516b9239464caeda239dae21eeafc8f
assets/ato-menu-image2-1516640145.jpg:
  development: 2018-03-24T09:22:47-07:00   3868393dbaba359c2f6ffd2ac9a53175
assets/ato-menu-image2-1516640246.jpg:
  development: 2018-03-24T09:22:47-07:00   d89e737b12efc9b8fe5e6d8ed3c9ca86
assets/ato-menu-image2-1516776919.png:
  development: 2018-03-24T09:22:47-07:00   04bc9bd92bdab90dc4290859bf972c1f
assets/ato-menu-image3-1516640146.jpg:
  development: 2018-03-24T09:22:47-07:00   f9807f7760880ff5be3fea3671f9f854
assets/ato-menu-image3-1516640246.jpg:
  development: 2018-03-24T09:22:47-07:00   2c98739c4f52ee57f9583504bc9de7ae
assets/ato-menu-image3-1516776919.png:
  development: 2018-03-24T09:22:47-07:00   d90b1e89069d69de791e0e67e919f449
assets/ato-menu-image4-1516640146.jpg:
  development: 2018-03-24T09:22:48-07:00   745395585d5d125e630885a5c0568d86
assets/ato-menu-image4-1516640247.jpg:
  development: 2018-03-24T09:22:48-07:00   2c98739c4f52ee57f9583504bc9de7ae
assets/ato-menu-image4-1516640278.jpg:
  development: 2018-03-24T09:22:48-07:00   83f7734cc62605b9ce768fcfbb643946
assets/ato-prdopt-34-62-1516639160.png:
  development: 2018-03-24T09:22:48-07:00   09ea8e50687606f84b00b0bf9e01292d
assets/ato-prdopt-34-63-1516639172.png:
  development: 2018-03-24T09:22:48-07:00   f4c94ce96e22215293d7c8f2e2050079
assets/ato-prdopt-34-64-1516639181.png:
  development: 2018-03-24T09:22:48-07:00   3947db081adfbf1befe831efe94ccf93
assets/ato-prdopt-35-65-1516639298.png:
  development: 2018-03-24T09:22:48-07:00   3095165084412b34b54902152a7aa582
assets/ato-prdopt-35-66-1516639308.png:
  development: 2018-03-24T09:22:48-07:00   db72921d994d21f9e9a8c46827def4fd
assets/ato-prdopt-36-67-1516639398.jpg:
  development: 2018-03-24T09:22:49-07:00   35560d02643a07366b06d687bc51374a
assets/ato-prdopt-36-68-1516639409.jpg:
  development: 2018-03-24T09:22:49-07:00   3acb5f4cd0cfb9018b48147411f4a769
assets/ato-prdopt-36-69-1516639420.jpg:
  development: 2018-03-24T09:22:49-07:00   bcaee52a73f30eaa73dec4d45de8368a
assets/ato-prdopt-36-69-1516639429.jpg:
  development: 2018-03-24T09:22:49-07:00   9d875dad6145e9b741cf6d525fbac474
assets/ato-prdopt-70-104-1518075330.png:
  development: 2018-03-24T09:22:49-07:00   2210f3a4894c017dcfd9a9d313c65fe1
assets/ato-prdopt-70-105-1518075341.png:
  development: 2018-03-24T09:22:49-07:00   70570f49aea906c3274337aa6630ec67
assets/ato-prdopt-70-106-1518075353.png:
  development: 2018-03-24T09:22:49-07:00   7ec27fa5751025a113e8f6f9fc444506
assets/ato-prdopt-70-107-1518075285.png:
  development: 2018-03-24T09:22:49-07:00   feaeca534e671c08421dc3500dfce23e
assets/ato-prdopt-70-108-1518075302.png:
  development: 2018-03-24T09:22:50-07:00   3b24b643068b9652418e4dd12bf45612
assets/ato-prdopt-70-109-1518075312.png:
  development: 2018-03-24T09:22:50-07:00   f2a77d2c5cfdcec17c2a697d7fe983b3
assets/ato-prdopt-71-110-1518075381.jpg:
  development: 2018-03-24T09:22:50-07:00   5b8cc3367cc5c9804d18bbe4e26e2054
assets/ato-prdopt-71-111-1518075389.jpg:
  development: 2018-03-24T09:22:50-07:00   9c4ef93db419ab54cefd7461eae5992c
assets/ato-prdopt-71-112-1518075397.png:
  development: 2018-03-24T09:22:50-07:00   adfa1be99ac237637f8f32c897f257f8
assets/ato-prdopt-71-113-1518075407.jpg:
  development: 2018-03-24T09:22:50-07:00   8c1ef994059c05fd20017cfb73cec96c
assets/ato-prdopt-71-118-1518075420.jpg:
  development: 2018-03-24T09:22:50-07:00   cdf707208ee9f887239b30fd05ded2c4
assets/ato-prdopt-72-114-1518075441.png:
  development: 2018-03-24T09:22:50-07:00   606cf39747d8970b57c7b8a33c870e5b
assets/ato-prdopt-72-115-1518075450.png:
  development: 2018-03-24T09:22:51-07:00   09127569fbb893ade6b0d0d11cf961f2
assets/ato-prdopt-72-116-1518075458.png:
  development: 2018-03-24T09:22:51-07:00   0cdf7f8eddb751a91149914822544301
assets/ato-prdopt-72-117-1518075466.png:
  development: 2018-03-24T09:22:51-07:00   26f2cf018502a5d635706fa3012d6748
assets/coming-soon-01.png:
  development: 2018-03-24T09:22:51-07:00   1f1de31f66238d886715f1a3ed40056a
assets/config.codekit3:
  development: 2018-03-26T09:42:24-07:00   acffd51d5fc9e0b91d3ff6c5b037caff
assets/custom.css:
  development: 2018-03-26T10:02:06-07:00   beae673e8b1145fcad9cff78590e959e
assets/custom.js:
  development: 2018-03-24T10:36:44-07:00   3248ed77b51480173acecd5967070cf2
assets/custom.scss:
  development: 2018-03-26T10:02:06-07:00   f2a5fa0bf9b535347356e027c56fcb5f
assets/empty-shopping-cart.svg:
  development: 2018-03-24T09:22:51-07:00   99172f8709a47661c667b089f1cc464c
assets/fotorama.png:
  development: 2018-03-24T09:22:52-07:00   e95aace1dffd7b8683b30639b59614e2
assets/giftcard.js:
  development: 2018-03-24T09:22:52-07:00   d084b2f3cad7cb816412d819a5e98b8e
assets/ico-select.svg.liquid:
  development: 2018-03-24T09:22:52-07:00   9c9cc5a57cc74a0a64c2f62b1370a920
assets/myfont.eot:
  development: 2018-03-24T09:22:52-07:00   1690b93a6a5b34a7b7bd788a1cb30953
assets/myfont.ttf:
  development: 2018-03-24T09:22:52-07:00   d3b90c5b24ba90c53b35ebcdddfe4f1f
assets/myfont.woff:
  development: 2018-03-24T09:22:52-07:00   ebef4e4d698eee9e2da4a33c2328ff49
assets/myfont.woff2:
  development: 2018-03-24T09:22:53-07:00   8499a473f80deaf06ca92158cd04f2e0
assets/revicons.eot:
  development: 2018-03-24T09:22:53-07:00   2feb69ccb596730c72920c6ba3e37ef8
assets/revicons.svg:
  development: 2018-03-24T09:22:53-07:00   1142a254da20b59e7d10ac39e78c4fbf
assets/revicons.ttf:
  development: 2018-03-24T09:22:53-07:00   17629a5dfe0d3c3946cf401e1895f091
assets/revicons.woff:
  development: 2018-03-24T09:22:53-07:00   04eb8fc57f27498e5ae37523e3bfb2c7
assets/smooth-scroll.js:
  development: 2018-03-24T09:22:53-07:00   30def38d37d2e63052d1564a7906baaa
assets/style.css.liquid:
  development: 2018-03-24T09:22:54-07:00   ff17e59526f0b3ffa9a877ffc16583dc
assets/theme.js:
  development: 2018-03-24T09:22:54-07:00   78000c68ae17a2ccb228b20a24d681ef
assets/theme.scss.liquid:
  development: 2018-03-24T09:22:54-07:00   7cc3688b65407d3d540645e024c5995b
assets/vendor.js:
  development: 2018-03-24T09:22:54-07:00   8d3070968e4a2c8dea586aad10d1b144
config/settings_data.json:
  development: 2018-03-26T09:18:41-07:00   86b6a39e438be9f1599e31efa0f553b2
config/settings_schema.json:
  development: 2018-03-24T09:23:03-07:00   3738c29f1cc10fe19a8410fd02eba670
layout/gift_card.liquid:
  development: 2018-03-24T09:22:54-07:00   243bb3176b4ec25d4796e751589aa509
layout/password.liquid:
  development: 2018-03-24T09:22:54-07:00   02ad4a65b835eb92c7159cee9c9c0084
layout/theme-boxed.liquid:
  development: 2018-03-24T09:22:54-07:00   a867d81177e24de94f486d66eae1044e
layout/theme-fullwidth.liquid:
  development: 2018-03-24T09:22:54-07:00   9fdbb995338cb69baeb449af825d22c7
layout/theme.liquid:
  development: 2018-03-24T09:22:54-07:00   ba1236ee488f0300989f422ad9ecf78a
locales/ar.json:
  development: 2018-03-24T09:22:55-07:00   b97563f36d3a488987e628cdc5decad6
locales/de.json:
  development: 2018-03-24T09:22:55-07:00   330c52bfc306cdcfd2423c82bd12bd05
locales/en.default.json:
  development: 2018-03-24T09:22:55-07:00   d29e14185a5fe4a77479df96c24fe27b
locales/es.json:
  development: 2018-03-24T09:22:55-07:00   5654a23ef9cd22cd4695b20ab2c04fbf
locales/fr.json:
  development: 2018-03-24T09:22:55-07:00   30843a2b5ed31334ce060e8bd8aa67e2
locales/pt-BR.json:
  development: 2018-03-24T09:22:55-07:00   f6f8ee5b87ed23f962f2d17152a9380c
locales/pt-PT.json:
  development: 2018-03-24T09:22:55-07:00   943051c0b7960f3845ef38daa70cc0f3
sections/blog-article.liquid:
  development: 2018-03-24T09:22:44-07:00   ff83a1b69c48ffca93e0c60127f6a3be
sections/blog-posts.liquid:
  development: 2018-03-24T09:22:44-07:00   3115d4ec16b504bf2a6895d48752401c
sections/blog-sidebar.liquid:
  development: 2018-03-24T09:22:44-07:00   897a5ca05ae77d2769ff443510f133ed
sections/collection-head.liquid:
  development: 2018-03-24T09:22:44-07:00   be6edd8cace4514e52110eba7693d4bb
sections/collection-sidebar.liquid:
  development: 2018-03-24T09:22:44-07:00   ba7cf6a5e4702983eb8228669952bdfc
sections/footer.liquid:
  development: 2018-03-24T09:22:44-07:00   11f6e83ba3fba33a3db4880b90132ad4
sections/gift-card.liquid:
  development: 2018-03-24T09:22:44-07:00   e5ceac9ec73629010962dd0f7c7ea037
sections/header.liquid:
  development: 2018-03-24T09:22:44-07:00   c1df00efe604c67375b2379c1d50cbf6
sections/home-4banners.liquid:
  development: 2018-03-24T09:22:44-07:00   6b6120008f0e65e435a919bf0dbf1f98
sections/home-banners-list.liquid:
  development: 2018-03-24T09:22:45-07:00   726de4cecf2023cc2cf7c8a6daedf315
sections/home-banners-product.liquid:
  development: 2018-03-24T09:22:45-07:00   e5a1ae72bd676fba8d1eb2a900b147f6
sections/home-banners.liquid:
  development: 2018-03-24T09:22:45-07:00   5dd1ba0f6559fcd9a4061328f3cbaa24
sections/home-blog.liquid:
  development: 2018-03-24T09:22:45-07:00   1ace748b170bdf624537b85f01d880be
sections/home-brands.liquid:
  development: 2018-03-24T09:22:45-07:00   df642d7cd035aaba281604457b7b388d
sections/home-infobox.liquid:
  development: 2018-03-24T09:22:45-07:00   daa4d52ba2451e2401f731e313c6b3c3
sections/home-instagram.liquid:
  development: 2018-03-24T09:22:45-07:00   a8fb80238ec31d20153e30d0422886b1
sections/home-one-product-banner.liquid:
  development: 2018-03-24T09:22:45-07:00   d882f691b306fe58f6eec69b5cff9692
sections/home-products-4plus1.liquid:
  development: 2018-03-24T09:22:45-07:00   f0d81af5bbab19a1bf9586fcc250f2fd
sections/home-products-slider.liquid:
  development: 2018-03-24T09:22:45-07:00   637fe9297623c2e562186c3ada0969c6
sections/home-products-vertical-slider.liquid:
  development: 2018-03-24T09:22:45-07:00   39196167d667709975149f6dc606d2f6
sections/home-products.liquid:
  development: 2018-03-24T09:22:45-07:00   ae34c1508f0feabbb774271f335ee734
sections/home-spacer.liquid:
  development: 2018-03-24T09:22:45-07:00   e1658c41ff9e3b7e3e98dab7dbaf1a64
sections/home-testimonials.liquid:
  development: 2018-03-24T09:22:46-07:00   7b2e4a8a8b17378f462782917ebda967
sections/list-collections.liquid:
  development: 2018-03-24T09:22:46-07:00   d11543ef8caa85775a51498f55aa088f
sections/page-contacts.liquid:
  development: 2018-03-24T09:22:46-07:00   936acd3aecca67f1038fb530e900b1a5
sections/page-faq.liquid:
  development: 2018-03-24T09:22:46-07:00   ffd3392cfc0d1945b6fb2d8bc80eb3d5
sections/page-gallery.liquid:
  development: 2018-03-24T09:22:46-07:00   1122eefac233fae339b5675e721a8d42
sections/product.liquid:
  development: 2018-03-24T09:22:46-07:00   0822b7f76bd2c918a7afb171d651fabd
sections/revolution-slider.liquid:
  development: 2018-03-24T09:22:46-07:00   1834b4f0d2d30360cc1c66270aab882a
sections/scroll-slider.liquid:
  development: 2018-03-24T09:22:46-07:00   60c0d9a44c761cff8be9630d1af1614d
snippets/account-get-address.liquid:
  development: 2018-03-24T09:22:55-07:00   c87e9493a290071a6b4899b6631cc6b2
snippets/addthis.liquid:
  development: 2018-03-24T09:22:55-07:00   6f949a441904c4e16ec209f19d6b7651
snippets/blogarticle-standart.liquid:
  development: 2018-03-24T09:22:55-07:00   5db68147c7f86bc5a7999ea5ae22a824
snippets/blogarticle-text.liquid:
  development: 2018-03-24T09:22:55-07:00   2b1d865ce38707d80c2b482ce144bf7a
snippets/bloglist-grid.liquid:
  development: 2018-03-24T09:22:55-07:00   5b88e98f0853dd180db66367babcdfaa
snippets/bloglist-list.liquid:
  development: 2018-03-24T09:22:55-07:00   37f7c667d48ab035cd3856481524a913
snippets/bloglist-masonry.liquid:
  development: 2018-03-24T09:22:55-07:00   36e7acaf96c2aae4fe1a4d3a41cbac0d
snippets/bloglist-pagination.liquid:
  development: 2018-03-24T09:22:55-07:00   63bf281839426787088dd017ea472c6e
snippets/blogsidebar-categories.liquid:
  development: 2018-03-24T09:22:56-07:00   074f34fddd934ee053f995c0031c01e3
snippets/blogsidebar-html.liquid:
  development: 2018-03-24T09:22:56-07:00   5a284db84e57f6d41cccec6acf1d9850
snippets/blogsidebar-newsletter.liquid:
  development: 2018-03-24T09:22:56-07:00   225189357286f3eede44d9e7227438dc
snippets/blogsidebar-rcomments.liquid:
  development: 2018-03-24T09:22:56-07:00   0846f81431449ab1c866eaf23e5d7242
snippets/blogsidebar-rposts.liquid:
  development: 2018-03-24T09:22:56-07:00   7e4a9e2dfdda7e44ee92513d0a4c28c9
snippets/blogsidebar-social.liquid:
  development: 2018-03-24T09:22:56-07:00   05953af44541d24db16f17ed8564dd7a
snippets/blogsidebar-tags.liquid:
  development: 2018-03-24T09:22:56-07:00   2ebc643b251b946488898b52ab628604
snippets/body-get-params.liquid:
  development: 2018-03-24T09:22:56-07:00   f16a12faeafd9fe50141f00f869a64d7
snippets/breadcrumbs.liquid:
  development: 2018-03-24T09:22:56-07:00   b4316251de9b74a237f9d8e972ad3aaa
snippets/collection-page.liquid:
  development: 2018-03-24T09:22:56-07:00   4ca0b98b30a5609c369a7d448cc27f8e
snippets/collection-pagination-classic.liquid:
  development: 2018-03-24T09:22:56-07:00   291845429c92fa9dd6656055b4746b3f
snippets/collection-pagination-loadmore.liquid:
  development: 2018-03-24T09:22:56-07:00   c2752eedfafa009edcfe95dedcbbe2b8
snippets/footer-btn-totop.liquid:
  development: 2018-03-24T09:22:56-07:00   3ffe0e76e93148e3cb70dd6f95a723c8
snippets/footer-copyright.liquid:
  development: 2018-03-24T09:22:56-07:00   d6a0aa21b776d63edca63e89f05a8d48
snippets/footer-info.liquid:
  development: 2018-03-24T09:22:56-07:00   c0a67b2b7890feebbe6fe52b02743fda
snippets/footer-js.liquid:
  development: 2018-03-24T09:22:56-07:00   62a047034c9a1c11ed95505cb96689c3
snippets/footer-logo.liquid:
  development: 2018-03-24T09:22:56-07:00   5e0c8b4b4c5da0f339865d0dcfff8031
snippets/footer-menu-links.liquid:
  development: 2018-03-24T09:22:57-07:00   f9bd8543d261baaa4661fe56b1466906
snippets/footer-menu.liquid:
  development: 2018-03-24T09:22:57-07:00   32351fffa971c834bde4f13604584c87
snippets/footer-payment.liquid:
  development: 2018-03-24T09:22:57-07:00   4870b7aa104e5c30cd66cdd4c86fb6b0
snippets/footer-social.liquid:
  development: 2018-03-24T09:22:57-07:00   194e24bce68a8d7eff1cc755b3d4a433
snippets/footer-subscribe.liquid:
  development: 2018-03-24T09:22:57-07:00   8dde30c52d713b194069bc84b7fb3c04
snippets/footer-tape.liquid:
  development: 2018-03-24T09:22:57-07:00   11842999d0f29a66fa3f5169c07be076
snippets/footer1.liquid:
  development: 2018-03-24T09:22:57-07:00   870d2ea33bc9da463eef404dc88bc635
snippets/footer2.liquid:
  development: 2018-03-24T09:22:57-07:00   94232927c2f8f357e0f0411c73468ebd
snippets/footer3.liquid:
  development: 2018-03-24T09:22:57-07:00   d50158f32efcde1f8d97541a5d0c0af0
snippets/footer4.liquid:
  development: 2018-03-24T09:22:57-07:00   a780c2cee028bf0285dd1079be2982be
snippets/footer5.liquid:
  development: 2018-03-24T09:22:57-07:00   f2aa1d8e9f8de4780785f4cf84adb301
snippets/footer6.liquid:
  development: 2018-03-24T09:22:57-07:00   0a9bfd8023edf1d152ed5d54f71f53f0
snippets/form-get-message.liquid:
  development: 2018-03-24T09:22:57-07:00   e0cee1f0c971b2c5be453a362f9e5158
snippets/head-css-external.liquid:
  development: 2018-03-24T09:22:57-07:00   9946df22e4c687ca6e30f9c0e24692d2
snippets/head-css-inline.liquid:
  development: 2018-03-24T09:22:57-07:00   a1eb87c1f9afbbdd631db50f0f3e31ac
snippets/head.liquid:
  development: 2018-03-24T09:22:57-07:00   258e2068fa1e8d80e283f0c1c39a3a4f
snippets/header-account.liquid:
  development: 2018-03-24T09:22:57-07:00   6b58e550e63f82b6cd465433aca714ce
snippets/header-cart-item.liquid:
  development: 2018-03-24T09:22:58-07:00   fc2a6988aaa07f66380625a674979966
snippets/header-cart.liquid:
  development: 2018-03-24T09:22:58-07:00   c2e234ef797a640f4e7d6041b70a6127
snippets/header-get-build-1.liquid:
  development: 2018-03-24T09:22:58-07:00   68ebe40e2a5802af536bf8552b0b3c6f
snippets/header-get-build-2.liquid:
  development: 2018-03-24T09:22:58-07:00   a612cbbd9e2be6b298dd1a7104408d79
snippets/header-logo.liquid:
  development: 2018-03-24T09:22:58-07:00   96ec609904fc016b3f07f12b92b22186
snippets/header-megamenu-metatag-custom.liquid:
  development: 2018-03-24T09:22:58-07:00   9e7a73f38ec56ad504be92b5dc1bce98
snippets/header-megamenu-metatag-default-level3and4.liquid:
  development: 2018-03-24T09:22:58-07:00   75eee8614551c398579ae403e603e6ce
snippets/header-megamenu-metatag-default.liquid:
  development: 2018-03-24T09:22:58-07:00   e6b34f11498ee43dba4954bf46472011
snippets/header-megamenu-metatag-helper-animation.liquid:
  development: 2018-03-24T09:22:58-07:00   b0c4c4566329d0fe4284bca10b7db0fb
snippets/header-megamenu-metatag-helper-width.liquid:
  development: 2018-03-24T09:22:58-07:00   cc9bd20870bf996ef73467f693275071
snippets/header-megamenu-metatag-images.liquid:
  development: 2018-03-24T09:22:58-07:00   85f8d1b0d065f2cf524f0aca2c6ada61
snippets/header-megamenu-metatag.liquid:
  development: 2018-03-24T09:22:58-07:00   f81186466360b269e9ce46e72d4afad9
snippets/header-megamenu.liquid:
  development: 2018-03-24T09:22:58-07:00   f5b6f445fece3a286f43a744032667ed
snippets/header-menu.liquid:
  development: 2018-03-24T09:22:58-07:00   fe75916f8307492f0b9ac1675d5759eb
snippets/header-search.liquid:
  development: 2018-03-24T09:22:58-07:00   917a5466776292a6cd0e6dfa403e729c
snippets/header-settings-currencies.liquid:
  development: 2018-03-24T09:22:58-07:00   df5929a26e418625bb2e6a012dce6d87
snippets/header-settings-languages.liquid:
  development: 2018-03-24T09:22:58-07:00   68ea80f7b19973541c84f4bbec89bde9
snippets/header-settings.liquid:
  development: 2018-03-24T09:22:59-07:00   7f9c0b59208e04996b16f03c3070d640
snippets/header-topline.liquid:
  development: 2018-03-24T10:39:27-07:00   bad635e079b9d31cdf00ee8f4cbd50ec
snippets/header-wishlist.liquid:
  development: 2018-03-24T09:22:59-07:00   70244a19aa55c5713294da89e96f812d
snippets/helper-section-layout.liquid:
  development: 2018-03-24T09:22:59-07:00   d12afc72f5e5fcb77dd6c0d716ecdb39
snippets/home-banner-item-vars.liquid:
  development: 2018-03-24T09:22:59-07:00   f8508ad0db56134764ddac58ae13c8b8
snippets/home-banner-item.liquid:
  development: 2018-03-24T09:22:59-07:00   dc1374369bbb0fc2838472a351a27870
snippets/home-banner-product-item.liquid:
  development: 2018-03-24T09:22:59-07:00   82d5d12616122401a1a974badefff3ee
snippets/home-bannerlist-item.liquid:
  development: 2018-03-24T09:22:59-07:00   15161c55be80036a389254417efe402f
snippets/home-product-slider-vertical.liquid:
  development: 2018-03-24T09:22:59-07:00   836b99b12e3fe4b9017f0e7dca8eb16b
snippets/home-testimonials-item.liquid:
  development: 2018-03-24T09:22:59-07:00   eac696a7a4f69557008f24482b8c5f8f
snippets/icon-mogo-404-color.liquid:
  development: 2018-03-24T09:22:59-07:00   9c04025d00490a7af572896ebc987289
snippets/icon-mogo-404-grey.liquid:
  development: 2018-03-24T09:22:59-07:00   70e0c8f2ed4862330c1b15ec4286d6b3
snippets/icon-mogo-cart-color.liquid:
  development: 2018-03-24T09:22:59-07:00   2a61d6310fce8925628ba23136a9d0e7
snippets/icon-mogo-cart-grey.liquid:
  development: 2018-03-24T09:22:59-07:00   c597984c200f344e8952c4c346d48f1b
snippets/icon-mogo-compare-color.liquid:
  development: 2018-03-24T09:22:59-07:00   cbd789fb91108a3ef39e87b857298a5a
snippets/icon-mogo-compare-grey.liquid:
  development: 2018-03-24T09:23:00-07:00   769cae051fc05aa17c210a166be56ff9
snippets/icon-mogo-hart-color.liquid:
  development: 2018-03-24T09:23:00-07:00   39102c8f8b33f147cc9795479680696e
snippets/icon-mogo-hart-grey.liquid:
  development: 2018-03-24T09:23:00-07:00   35578b6b810784cd314f234bc20dff38
snippets/icon-mogo-sad-color.liquid:
  development: 2018-03-24T09:23:00-07:00   dc9676f70bcd2b3a17770eae22557919
snippets/icon-mogo-sad-grey.liquid:
  development: 2018-03-24T09:23:00-07:00   d5aa5cec1260369170dcef57199a279a
snippets/icon-mogo-search-color.liquid:
  development: 2018-03-24T09:23:00-07:00   64192eae7f518cce580261bdb5445e79
snippets/icon-mogo-search-grey.liquid:
  development: 2018-03-24T09:23:00-07:00   660af1f0e55c131cd632af8d16827677
snippets/layout-get-social-meta-tags.liquid:
  development: 2018-03-24T09:23:00-07:00   c51dc03f719e4b7feb11e04b7a975838
snippets/layout-res-settings.liquid:
  development: 2018-03-24T09:23:00-07:00   f0aa51510252c09cd1a48178b01925c0
snippets/layout.liquid:
  development: 2018-03-24T09:23:00-07:00   fb995ac0afb6751e32835c49414cfe76
snippets/newsletter-popup.liquid:
  development: 2018-03-24T09:23:00-07:00   90b6507e13b9fd56ae3ca98435d62c8a
snippets/no-blocks.liquid:
  development: 2018-03-24T09:23:00-07:00   dfb00ce1f9ac1eab9c3f11a1f28c0770
snippets/pagination.liquid:
  development: 2018-03-24T09:23:00-07:00   3915eaf0de370e0addda07ea981b7079
snippets/popups.liquid:
  development: 2018-03-24T09:23:00-07:00   f85b5069fb2de17a0c08ca6ee890bdd1
snippets/product-get-attributes.liquid:
  development: 2018-03-24T09:23:00-07:00   c02583ae35f4a080a2e5bafaf0ea5793
snippets/product-get-gallery.liquid:
  development: 2018-03-24T09:23:00-07:00   ed34a179d6df2b4e4e6611b629b5ddd3
snippets/product-get-google-rich-snippet.liquid:
  development: 2018-03-24T09:23:00-07:00   e092e7d4534a6ca4809dbcf99261dd8f
snippets/product-get-info.liquid:
  development: 2018-03-24T09:23:00-07:00   80a51ff5bef03055c4e54afa26db8683
snippets/product-get-options.liquid:
  development: 2018-03-24T09:23:01-07:00   c028af074a71120f46cbc963cf4424f1
snippets/product-get-related-products.liquid:
  development: 2018-03-24T09:23:01-07:00   ec3b867ec1b17d3fa98db9e18d240a57
snippets/product-get-tabs.liquid:
  development: 2018-03-24T09:23:01-07:00   a6e760cf89670c40333abc31f6995f2d
snippets/product-list.liquid:
  development: 2018-03-24T09:23:01-07:00   49aef6df6bbca76309fb8dcffadc8ecd
snippets/product-page.liquid:
  development: 2018-03-24T09:23:01-07:00   2be959c8ad760bba36ead325250b7629
snippets/product-res-check-btns-status.liquid:
  development: 2018-03-24T09:23:01-07:00   a2778f16b9589ba8bc083f7538bd427b
snippets/product-res-price.liquid:
  development: 2018-03-24T09:23:01-07:00   8348ed4200a4208717b2885b52a0546a
snippets/product-res-variants-obj.liquid:
  development: 2018-03-24T09:23:01-07:00   ab2a9c1cdf243f6c7257d66a8b68c8db
snippets/product-vars-extended.liquid:
  development: 2018-03-24T09:23:01-07:00   20039679e71bc3be90b55befe39ea663
snippets/product-vars.liquid:
  development: 2018-03-24T09:23:01-07:00   5ec0c623f38e28851d450327448f12bd
snippets/social-links.liquid:
  development: 2018-03-24T09:23:01-07:00   e10623b7d33d25aa0df4cb9ec8d2b19d
snippets/subscribe.liquid:
  development: 2018-03-24T09:23:01-07:00   65aea0d6aa9e2e6a231d8946dc8c0d1a
templates/404.liquid:
  development: 2018-03-24T09:23:01-07:00   af5c228edc59b97064ec5f3825ed2713
templates/article.liquid:
  development: 2018-03-24T09:23:01-07:00   ab13232b253294088557764ac4e88cf6
templates/blog.liquid:
  development: 2018-03-24T09:23:01-07:00   14203e59e40a25202a924bb8b08cd70d
templates/cart.liquid:
  development: 2018-03-24T09:23:01-07:00   49df189f6d22db919481918203a5bf59
templates/collection.6-grid.liquid:
  development: 2018-03-24T09:23:02-07:00   b39ab8f5bbc7d93d3077dbbe4e106598
templates/collection.6-list.liquid:
  development: 2018-03-24T09:23:02-07:00   3bad6fc19a10401e9b85c1f1a0562b89
templates/collection.6.liquid:
  development: 2018-03-24T09:23:02-07:00   6a850bda64c6149d8a789d616e09099a
templates/collection.9-grid.liquid:
  development: 2018-03-24T09:23:02-07:00   11b04365aef451c5d9b62ed4d4d8f51c
templates/collection.9-list.liquid:
  development: 2018-03-24T09:23:02-07:00   f8a830108c73bf64db8dd347e2c80202
templates/collection.9.liquid:
  development: 2018-03-24T09:23:02-07:00   2a89c76f474df7ef28f9a2b57ba81da3
templates/collection.12-list.liquid:
  development: 2018-03-24T09:23:02-07:00   8dec28534233c29d0b09a66efba6e6e8
templates/collection.12.liquid:
  development: 2018-03-24T09:23:02-07:00   b0422e0ae4fa5ee9b6bf3906800101f4
templates/collection.grid.liquid:
  development: 2018-03-24T09:23:02-07:00   0b5dc476636745945326d95a55307188
templates/collection.liquid:
  development: 2018-03-24T09:23:02-07:00   688291f1f0ccd1d4c9dc01372376fae1
templates/collection.list.liquid:
  development: 2018-03-24T09:23:02-07:00   dab760361db7f577052de156a6dfece9
templates/customers/account.liquid:
  development: 2018-03-24T09:23:02-07:00   e890c53bb02c8d573ee4e21b0d8e28eb
templates/customers/activate_account.liquid:
  development: 2018-03-24T09:23:02-07:00   550e63239951a0817baadb9ea89b4d2f
templates/customers/addresses.liquid:
  development: 2018-03-24T09:23:02-07:00   85ef887e3e6a153f13c644f7a7843f6a
templates/customers/login.liquid:
  development: 2018-03-24T09:23:02-07:00   d5f177b85f99c359596ab2de121aa659
templates/customers/order.liquid:
  development: 2018-03-24T09:23:02-07:00   dc5a7ef3e13b7020bd3c9c1d86948bbc
templates/customers/register.liquid:
  development: 2018-03-24T09:23:02-07:00   fc0a5216832dda03bfda9130c11829e0
templates/customers/reset_password.liquid:
  development: 2018-03-24T09:23:02-07:00   22403e73fd3ef56f9dcf732250f2b70f
templates/gift_card.liquid:
  development: 2018-03-24T09:23:02-07:00   5fa4b3f295f3d535635ffaf7f99c256a
templates/index.liquid:
  development: 2018-03-24T09:23:03-07:00   8dab6a176b0303ae06d2167da5269708
templates/list-collections.liquid:
  development: 2018-03-24T09:23:03-07:00   8ea7c0fa4552267934f95e7535e97498
templates/page.contact.liquid:
  development: 2018-03-24T09:23:03-07:00   35511f5b83dd330e02471c249b3d9726
templates/page.faq.liquid:
  development: 2018-03-24T09:23:03-07:00   ed47b73fdd1b62d41bc144780c6e16be
templates/page.gallery.liquid:
  development: 2018-03-24T09:23:03-07:00   c79b59fe92399e5d11e3dd180672d52e
templates/page.liquid:
  development: 2018-03-24T09:23:03-07:00   86a816a801f7da05517963def610148d
templates/page.mogo.liquid:
  development: 2018-03-24T09:23:03-07:00   d3b0ac49ff5455a9a7b20034eb1e4824
templates/page.styles.liquid:
  development: 2018-03-24T09:23:03-07:00   94f9811a130a2528ea110dfa94c62f45
templates/page.wishlist.liquid:
  development: 2018-03-24T09:23:03-07:00   59b86ddfc7dde35eff0aa909b7fe7650
templates/password.liquid:
  development: 2018-03-24T09:23:03-07:00   9e8502e6ec3e47bc7fb97e582612baf3
templates/product.ajax.liquid:
  development: 2018-03-24T09:23:03-07:00   0444a29155756bdc66194cbf96b124f9
templates/product.liquid:
  development: 2018-03-24T09:23:03-07:00   b66e19e1f223e8cbca91a182d2da5655
templates/search.json.liquid:
  development: 2018-03-24T09:23:03-07:00   1da8d2f1a6fc705b384c27c56d55ce2f
templates/search.liquid:
  development: 2018-03-24T09:23:03-07:00   18ea7339a3db3f0afbc5be0d63fa804d
